
Microsoft Visual Studio Solution File, Format Version 12.00
# Visual Studio 2012
Project("{FAE04EC0-301F-11D3-BF4B-00C04F79EFBC}") = "SDFAuthV2", "SDFAuthV2\SDFAuthV2.csproj", "{6F50CF1A-505A-498F-A5B3-5E9FD7503251}"
EndProject
Project("{2150E333-8FDC-42A3-9474-1A3956D46DE8}") = "10.Presentation", "10.Presentation", "{FFC63AC0-4915-4580-8F36-8E3803D6B618}"
EndProject
Project("{2150E333-8FDC-42A3-9474-1A3956D46DE8}") = "11.Server", "11.Server", "{419B0A1B-F2CB-473E-B621-1D9D67DC91FB}"
EndProject
Project("{2150E333-8FDC-42A3-9474-1A3956D46DE8}") = "05.Common", "05.Common", "{26310EEA-C3AC-4A49-B82B-1D40BA40FFE8}"
EndProject
Project("{FAE04EC0-301F-11D3-BF4B-00C04F79EFBC}") = "Contract", "Contract\Contract.csproj", "{52D29985-9364-4DB0-BDC0-57114B78CB49}"
EndProject
Project("{FAE04EC0-301F-11D3-BF4B-00C04F79EFBC}") = "WcfService", "WcfService\WcfService.csproj", "{13013909-BD92-4CAA-869E-8F6DA79534ED}"
EndProject
Project("{2150E333-8FDC-42A3-9474-1A3956D46DE8}") = "98.Test", "98.Test", "{15D37C9D-71FA-41ED-877C-E2F854836AEA}"
EndProject
Project("{2150E333-8FDC-42A3-9474-1A3956D46DE8}") = "00.Library", "00.Library", "{B033FC8F-F461-4285-9470-0B19029421E6}"
EndProject
Project("{FAE04EC0-301F-11D3-BF4B-00C04F79EFBC}") = "Core", "Core\Core.csproj", "{201D9889-7AE9-4309-BF0E-3F0641765687}"
EndProject
Project("{FAE04EC0-301F-11D3-BF4B-00C04F79EFBC}") = "SDFAuthV2.Framework", "SDFAuthV2.Framework\SDFAuthV2.Framework.csproj", "{BC6487CE-8FC2-4492-B10D-1452BE9026AA}"
EndProject
Project("{FAE04EC0-301F-11D3-BF4B-00C04F79EFBC}") = "MVCExtensions", "MVCExtensions\MVCExtensions.csproj", "{B526545A-60A2-4A07-A2F7-9D47C8B4D764}"
EndProject
Project("{2150E333-8FDC-42A3-9474-1A3956D46DE8}") = "01.DataBase", "01.DataBase", "{E370E6CF-C4F8-4E9D-9D19-60DA1235762C}"
EndProject
Project("{FAE04EC0-301F-11D3-BF4B-00C04F79EFBC}") = "DB.SDFAuth", "01.DataBase\SDFAuth\DB.SDFAuth.csproj", "{4B38903A-F2C7-4D80-AC3D-309921ED9D20}"
EndProject
Project("{FAE04EC0-301F-11D3-BF4B-00C04F79EFBC}") = "SDFAuth.Services", "SDFAuth.Services\SDFAuth.Services.csproj", "{5CB93DBC-3989-4222-9656-4E99FAFC9096}"
EndProject
Project("{FAE04EC0-301F-11D3-BF4B-00C04F79EFBC}") = "DataBase", "BaseDb\DataBase.csproj", "{DD881003-7E4B-4EA5-ACF2-92709C942FC7}"
EndProject
Project("{FAE04EC0-301F-11D3-BF4B-00C04F79EFBC}") = "SDFAuth.Data", "SDFAuth.Data\SDFAuth.Data.csproj", "{ED4D4132-2D8E-4648-8CC8-07087ED0ECF7}"
EndProject
Project("{2150E333-8FDC-42A3-9474-1A3956D46DE8}") = "00.DOC", "00.DOC", "{705908E6-F75A-4D63-A5AF-6752EFFDC4C1}"
EndProject
Project("{FAE04EC0-301F-11D3-BF4B-00C04F79EFBC}") = "SDF.MVC", "SDF.MVC\SDF.MVC.csproj", "{28926067-87C8-4516-A564-8BBCA317F8C7}"
EndProject
Project("{00D1A9C2-B5F0-4AF3-8072-F6C62B433612}") = "DB.SDFAuth", "00.DOC\DB.SDFAuth\DB.SDFAuth.sqlproj", "{6FC4AEC3-B14B-445E-9F97-93C943F4DB37}"
EndProject
Project("{FAE04EC0-301F-11D3-BF4B-00C04F79EFBC}") = "CoreTest", "98.Test\CoreTest\CoreTest.csproj", "{AE3B43A8-2B20-4AD9-99EB-A2EEA9BB1E5C}"
EndProject
Project("{FAE04EC0-301F-11D3-BF4B-00C04F79EFBC}") = "MVCTest", "98.Test\MVCTest\MVCTest.csproj", "{BC713FD9-B98E-4073-87F8-312D4E192895}"
EndProject
Project("{FAE04EC0-301F-11D3-BF4B-00C04F79EFBC}") = "DataTest", "98.Test\DataTest\DataTest.csproj", "{F39DBEA5-7467-4CDE-894E-1EFB1C9F5346}"
EndProject
Global
	GlobalSection(SolutionConfigurationPlatforms) = preSolution
		Debug|Any CPU = Debug|Any CPU
		Release|Any CPU = Release|Any CPU
	EndGlobalSection
	GlobalSection(ProjectConfigurationPlatforms) = postSolution
		{6F50CF1A-505A-498F-A5B3-5E9FD7503251}.Debug|Any CPU.ActiveCfg = Debug|Any CPU
		{6F50CF1A-505A-498F-A5B3-5E9FD7503251}.Debug|Any CPU.Build.0 = Debug|Any CPU
		{6F50CF1A-505A-498F-A5B3-5E9FD7503251}.Release|Any CPU.ActiveCfg = Release|Any CPU
		{6F50CF1A-505A-498F-A5B3-5E9FD7503251}.Release|Any CPU.Build.0 = Release|Any CPU
		{52D29985-9364-4DB0-BDC0-57114B78CB49}.Debug|Any CPU.ActiveCfg = Debug|Any CPU
		{52D29985-9364-4DB0-BDC0-57114B78CB49}.Debug|Any CPU.Build.0 = Debug|Any CPU
		{52D29985-9364-4DB0-BDC0-57114B78CB49}.Release|Any CPU.ActiveCfg = Release|Any CPU
		{52D29985-9364-4DB0-BDC0-57114B78CB49}.Release|Any CPU.Build.0 = Release|Any CPU
		{13013909-BD92-4CAA-869E-8F6DA79534ED}.Debug|Any CPU.ActiveCfg = Debug|Any CPU
		{13013909-BD92-4CAA-869E-8F6DA79534ED}.Debug|Any CPU.Build.0 = Debug|Any CPU
		{13013909-BD92-4CAA-869E-8F6DA79534ED}.Release|Any CPU.ActiveCfg = Release|Any CPU
		{13013909-BD92-4CAA-869E-8F6DA79534ED}.Release|Any CPU.Build.0 = Release|Any CPU
		{201D9889-7AE9-4309-BF0E-3F0641765687}.Debug|Any CPU.ActiveCfg = Debug|Any CPU
		{201D9889-7AE9-4309-BF0E-3F0641765687}.Debug|Any CPU.Build.0 = Debug|Any CPU
		{201D9889-7AE9-4309-BF0E-3F0641765687}.Release|Any CPU.ActiveCfg = Release|Any CPU
		{201D9889-7AE9-4309-BF0E-3F0641765687}.Release|Any CPU.Build.0 = Release|Any CPU
		{BC6487CE-8FC2-4492-B10D-1452BE9026AA}.Debug|Any CPU.ActiveCfg = Debug|Any CPU
		{BC6487CE-8FC2-4492-B10D-1452BE9026AA}.Debug|Any CPU.Build.0 = Debug|Any CPU
		{BC6487CE-8FC2-4492-B10D-1452BE9026AA}.Release|Any CPU.ActiveCfg = Release|Any CPU
		{BC6487CE-8FC2-4492-B10D-1452BE9026AA}.Release|Any CPU.Build.0 = Release|Any CPU
		{B526545A-60A2-4A07-A2F7-9D47C8B4D764}.Debug|Any CPU.ActiveCfg = Debug|Any CPU
		{B526545A-60A2-4A07-A2F7-9D47C8B4D764}.Debug|Any CPU.Build.0 = Debug|Any CPU
		{B526545A-60A2-4A07-A2F7-9D47C8B4D764}.Release|Any CPU.ActiveCfg = Release|Any CPU
		{B526545A-60A2-4A07-A2F7-9D47C8B4D764}.Release|Any CPU.Build.0 = Release|Any CPU
		{4B38903A-F2C7-4D80-AC3D-309921ED9D20}.Debug|Any CPU.ActiveCfg = Debug|Any CPU
		{4B38903A-F2C7-4D80-AC3D-309921ED9D20}.Debug|Any CPU.Build.0 = Debug|Any CPU
		{4B38903A-F2C7-4D80-AC3D-309921ED9D20}.Release|Any CPU.ActiveCfg = Release|Any CPU
		{4B38903A-F2C7-4D80-AC3D-309921ED9D20}.Release|Any CPU.Build.0 = Release|Any CPU
		{5CB93DBC-3989-4222-9656-4E99FAFC9096}.Debug|Any CPU.ActiveCfg = Debug|Any CPU
		{5CB93DBC-3989-4222-9656-4E99FAFC9096}.Debug|Any CPU.Build.0 = Debug|Any CPU
		{5CB93DBC-3989-4222-9656-4E99FAFC9096}.Release|Any CPU.ActiveCfg = Release|Any CPU
		{5CB93DBC-3989-4222-9656-4E99FAFC9096}.Release|Any CPU.Build.0 = Release|Any CPU
		{DD881003-7E4B-4EA5-ACF2-92709C942FC7}.Debug|Any CPU.ActiveCfg = Debug|Any CPU
		{DD881003-7E4B-4EA5-ACF2-92709C942FC7}.Debug|Any CPU.Build.0 = Debug|Any CPU
		{DD881003-7E4B-4EA5-ACF2-92709C942FC7}.Release|Any CPU.ActiveCfg = Release|Any CPU
		{DD881003-7E4B-4EA5-ACF2-92709C942FC7}.Release|Any CPU.Build.0 = Release|Any CPU
		{ED4D4132-2D8E-4648-8CC8-07087ED0ECF7}.Debug|Any CPU.ActiveCfg = Debug|Any CPU
		{ED4D4132-2D8E-4648-8CC8-07087ED0ECF7}.Debug|Any CPU.Build.0 = Debug|Any CPU
		{ED4D4132-2D8E-4648-8CC8-07087ED0ECF7}.Release|Any CPU.ActiveCfg = Release|Any CPU
		{ED4D4132-2D8E-4648-8CC8-07087ED0ECF7}.Release|Any CPU.Build.0 = Release|Any CPU
		{28926067-87C8-4516-A564-8BBCA317F8C7}.Debug|Any CPU.ActiveCfg = Debug|Any CPU
		{28926067-87C8-4516-A564-8BBCA317F8C7}.Debug|Any CPU.Build.0 = Debug|Any CPU
		{28926067-87C8-4516-A564-8BBCA317F8C7}.Release|Any CPU.ActiveCfg = Release|Any CPU
		{28926067-87C8-4516-A564-8BBCA317F8C7}.Release|Any CPU.Build.0 = Release|Any CPU
		{6FC4AEC3-B14B-445E-9F97-93C943F4DB37}.Debug|Any CPU.ActiveCfg = Debug|Any CPU
		{6FC4AEC3-B14B-445E-9F97-93C943F4DB37}.Debug|Any CPU.Build.0 = Debug|Any CPU
		{6FC4AEC3-B14B-445E-9F97-93C943F4DB37}.Debug|Any CPU.Deploy.0 = Debug|Any CPU
		{6FC4AEC3-B14B-445E-9F97-93C943F4DB37}.Release|Any CPU.ActiveCfg = Release|Any CPU
		{6FC4AEC3-B14B-445E-9F97-93C943F4DB37}.Release|Any CPU.Build.0 = Release|Any CPU
		{6FC4AEC3-B14B-445E-9F97-93C943F4DB37}.Release|Any CPU.Deploy.0 = Release|Any CPU
		{AE3B43A8-2B20-4AD9-99EB-A2EEA9BB1E5C}.Debug|Any CPU.ActiveCfg = Debug|Any CPU
		{AE3B43A8-2B20-4AD9-99EB-A2EEA9BB1E5C}.Debug|Any CPU.Build.0 = Debug|Any CPU
		{AE3B43A8-2B20-4AD9-99EB-A2EEA9BB1E5C}.Release|Any CPU.ActiveCfg = Release|Any CPU
		{AE3B43A8-2B20-4AD9-99EB-A2EEA9BB1E5C}.Release|Any CPU.Build.0 = Release|Any CPU
		{BC713FD9-B98E-4073-87F8-312D4E192895}.Debug|Any CPU.ActiveCfg = Debug|Any CPU
		{BC713FD9-B98E-4073-87F8-312D4E192895}.Debug|Any CPU.Build.0 = Debug|Any CPU
		{BC713FD9-B98E-4073-87F8-312D4E192895}.Release|Any CPU.ActiveCfg = Release|Any CPU
		{BC713FD9-B98E-4073-87F8-312D4E192895}.Release|Any CPU.Build.0 = Release|Any CPU
		{F39DBEA5-7467-4CDE-894E-1EFB1C9F5346}.Debug|Any CPU.ActiveCfg = Debug|Any CPU
		{F39DBEA5-7467-4CDE-894E-1EFB1C9F5346}.Debug|Any CPU.Build.0 = Debug|Any CPU
		{F39DBEA5-7467-4CDE-894E-1EFB1C9F5346}.Release|Any CPU.ActiveCfg = Release|Any CPU
		{F39DBEA5-7467-4CDE-894E-1EFB1C9F5346}.Release|Any CPU.Build.0 = Release|Any CPU
	EndGlobalSection
	GlobalSection(SolutionProperties) = preSolution
		HideSolutionNode = FALSE
	EndGlobalSection
	GlobalSection(NestedProjects) = preSolution
		{6F50CF1A-505A-498F-A5B3-5E9FD7503251} = {FFC63AC0-4915-4580-8F36-8E3803D6B618}
		{BC6487CE-8FC2-4492-B10D-1452BE9026AA} = {FFC63AC0-4915-4580-8F36-8E3803D6B618}
		{13013909-BD92-4CAA-869E-8F6DA79534ED} = {419B0A1B-F2CB-473E-B621-1D9D67DC91FB}
		{52D29985-9364-4DB0-BDC0-57114B78CB49} = {26310EEA-C3AC-4A49-B82B-1D40BA40FFE8}
		{AE3B43A8-2B20-4AD9-99EB-A2EEA9BB1E5C} = {15D37C9D-71FA-41ED-877C-E2F854836AEA}
		{BC713FD9-B98E-4073-87F8-312D4E192895} = {15D37C9D-71FA-41ED-877C-E2F854836AEA}
		{F39DBEA5-7467-4CDE-894E-1EFB1C9F5346} = {15D37C9D-71FA-41ED-877C-E2F854836AEA}
		{201D9889-7AE9-4309-BF0E-3F0641765687} = {B033FC8F-F461-4285-9470-0B19029421E6}
		{B526545A-60A2-4A07-A2F7-9D47C8B4D764} = {B033FC8F-F461-4285-9470-0B19029421E6}
		{5CB93DBC-3989-4222-9656-4E99FAFC9096} = {B033FC8F-F461-4285-9470-0B19029421E6}
		{DD881003-7E4B-4EA5-ACF2-92709C942FC7} = {B033FC8F-F461-4285-9470-0B19029421E6}
		{ED4D4132-2D8E-4648-8CC8-07087ED0ECF7} = {B033FC8F-F461-4285-9470-0B19029421E6}
		{28926067-87C8-4516-A564-8BBCA317F8C7} = {B033FC8F-F461-4285-9470-0B19029421E6}
		{4B38903A-F2C7-4D80-AC3D-309921ED9D20} = {E370E6CF-C4F8-4E9D-9D19-60DA1235762C}
		{6FC4AEC3-B14B-445E-9F97-93C943F4DB37} = {705908E6-F75A-4D63-A5AF-6752EFFDC4C1}
	EndGlobalSection
EndGlobal
